// !$*UTF8*$!
{
	archiveVersion = 1;
	classes = {
	};
	objectVersion = 50;
	objects = {

/* Begin PBXBuildFile section */
		460C597625AA5E380077AF87 /* Me.swift in Sources */ = {isa = PBXBuildFile; fileRef = 460C597525AA5E380077AF87 /* Me.swift */; };
		460C597725AA5E380077AF87 /* Me.swift in Sources */ = {isa = PBXBuildFile; fileRef = 460C597525AA5E380077AF87 /* Me.swift */; };
		460C59A225AA7F940077AF87 /* SchoolHelper.xcdatamodeld in Sources */ = {isa = PBXBuildFile; fileRef = 460C59A025AA7F940077AF87 /* SchoolHelper.xcdatamodeld */; };
		460C59B225AA812B0077AF87 /* SchoolHelper.xcdatamodeld in Sources */ = {isa = PBXBuildFile; fileRef = 460C59A025AA7F940077AF87 /* SchoolHelper.xcdatamodeld */; };
		460C59D025AA9A3F0077AF87 /* AddTaskView.swift in Sources */ = {isa = PBXBuildFile; fileRef = 460C59CF25AA9A3F0077AF87 /* AddTaskView.swift */; };
		460C59D125AA9A3F0077AF87 /* AddTaskView.swift in Sources */ = {isa = PBXBuildFile; fileRef = 460C59CF25AA9A3F0077AF87 /* AddTaskView.swift */; };
		466B433025AAB112008A24B0 /* TaskItem+CoreDataClass.swift in Sources */ = {isa = PBXBuildFile; fileRef = 466B432E25AAB112008A24B0 /* TaskItem+CoreDataClass.swift */; };
		466B433125AAB112008A24B0 /* TaskItem+CoreDataClass.swift in Sources */ = {isa = PBXBuildFile; fileRef = 466B432E25AAB112008A24B0 /* TaskItem+CoreDataClass.swift */; };
		466B433225AAB112008A24B0 /* TaskItem+CoreDataProperties.swift in Sources */ = {isa = PBXBuildFile; fileRef = 466B432F25AAB112008A24B0 /* TaskItem+CoreDataProperties.swift */; };
		466B433325AAB112008A24B0 /* TaskItem+CoreDataProperties.swift in Sources */ = {isa = PBXBuildFile; fileRef = 466B432F25AAB112008A24B0 /* TaskItem+CoreDataProperties.swift */; };
		466B433925AAB227008A24B0 /* Persistence.swift in Sources */ = {isa = PBXBuildFile; fileRef = 466B433825AAB227008A24B0 /* Persistence.swift */; };
		466B433A25AAB227008A24B0 /* Persistence.swift in Sources */ = {isa = PBXBuildFile; fileRef = 466B433825AAB227008A24B0 /* Persistence.swift */; };
		46DD402A25ABA65000E6240D /* DetailedTaskView.swift in Sources */ = {isa = PBXBuildFile; fileRef = 46DD402925ABA65000E6240D /* DetailedTaskView.swift */; };
		46DD402B25ABA65000E6240D /* DetailedTaskView.swift in Sources */ = {isa = PBXBuildFile; fileRef = 46DD402925ABA65000E6240D /* DetailedTaskView.swift */; };
		46F8F40E25A98A01008888E7 /* SchoolHelperApp.swift in Sources */ = {isa = PBXBuildFile; fileRef = 46F8F3FB25A989FF008888E7 /* SchoolHelperApp.swift */; };
		46F8F40F25A98A01008888E7 /* SchoolHelperApp.swift in Sources */ = {isa = PBXBuildFile; fileRef = 46F8F3FB25A989FF008888E7 /* SchoolHelperApp.swift */; };
		46F8F41025A98A01008888E7 /* ContentView.swift in Sources */ = {isa = PBXBuildFile; fileRef = 46F8F3FC25A989FF008888E7 /* ContentView.swift */; };
		46F8F41125A98A01008888E7 /* ContentView.swift in Sources */ = {isa = PBXBuildFile; fileRef = 46F8F3FC25A989FF008888E7 /* ContentView.swift */; };
		46F8F41225A98A01008888E7 /* Assets.xcassets in Resources */ = {isa = PBXBuildFile; fileRef = 46F8F3FD25A98A01008888E7 /* Assets.xcassets */; };
		46F8F41325A98A01008888E7 /* Assets.xcassets in Resources */ = {isa = PBXBuildFile; fileRef = 46F8F3FD25A98A01008888E7 /* Assets.xcassets */; };
		46F8F41F25A98A57008888E7 /* Dashboard.swift in Sources */ = {isa = PBXBuildFile; fileRef = 46F8F41E25A98A57008888E7 /* Dashboard.swift */; };
		46F8F42025A98A57008888E7 /* Dashboard.swift in Sources */ = {isa = PBXBuildFile; fileRef = 46F8F41E25A98A57008888E7 /* Dashboard.swift */; };
		46F8F42425A98A86008888E7 /* Classes.swift in Sources */ = {isa = PBXBuildFile; fileRef = 46F8F42325A98A86008888E7 /* Classes.swift */; };
		46F8F42525A98A86008888E7 /* Classes.swift in Sources */ = {isa = PBXBuildFile; fileRef = 46F8F42325A98A86008888E7 /* Classes.swift */; };
		46F8F43125A9A602008888E7 /* Tasks.swift in Sources */ = {isa = PBXBuildFile; fileRef = 46F8F43025A9A602008888E7 /* Tasks.swift */; };
		46F8F43225A9A602008888E7 /* Tasks.swift in Sources */ = {isa = PBXBuildFile; fileRef = 46F8F43025A9A602008888E7 /* Tasks.swift */; };
/* End PBXBuildFile section */

/* Begin PBXFileReference section */
		460C597525AA5E380077AF87 /* Me.swift */ = {isa = PBXFileReference; lastKnownFileType = sourcecode.swift; path = Me.swift; sourceTree = "<group>"; };
		460C59A125AA7F940077AF87 /* SchoolHelper.xcdatamodel */ = {isa = PBXFileReference; lastKnownFileType = wrapper.xcdatamodel; path = SchoolHelper.xcdatamodel; sourceTree = "<group>"; };
		460C59CF25AA9A3F0077AF87 /* AddTaskView.swift */ = {isa = PBXFileReference; lastKnownFileType = sourcecode.swift; path = AddTaskView.swift; sourceTree = "<group>"; };
		466B432E25AAB112008A24B0 /* TaskItem+CoreDataClass.swift */ = {isa = PBXFileReference; lastKnownFileType = sourcecode.swift; path = "TaskItem+CoreDataClass.swift"; sourceTree = "<group>"; };
		466B432F25AAB112008A24B0 /* TaskItem+CoreDataProperties.swift */ = {isa = PBXFileReference; lastKnownFileType = sourcecode.swift; path = "TaskItem+CoreDataProperties.swift"; sourceTree = "<group>"; };
		466B433825AAB227008A24B0 /* Persistence.swift */ = {isa = PBXFileReference; lastKnownFileType = sourcecode.swift; path = Persistence.swift; sourceTree = "<group>"; };
		46DD402925ABA65000E6240D /* DetailedTaskView.swift */ = {isa = PBXFileReference; lastKnownFileType = sourcecode.swift; path = DetailedTaskView.swift; sourceTree = "<group>"; };
		46F8F3FB25A989FF008888E7 /* SchoolHelperApp.swift */ = {isa = PBXFileReference; lastKnownFileType = sourcecode.swift; path = SchoolHelperApp.swift; sourceTree = "<group>"; };
		46F8F3FC25A989FF008888E7 /* ContentView.swift */ = {isa = PBXFileReference; lastKnownFileType = sourcecode.swift; path = ContentView.swift; sourceTree = "<group>"; };
		46F8F3FD25A98A01008888E7 /* Assets.xcassets */ = {isa = PBXFileReference; lastKnownFileType = folder.assetcatalog; path = Assets.xcassets; sourceTree = "<group>"; };
		46F8F40225A98A01008888E7 /* SchoolHelper.app */ = {isa = PBXFileReference; explicitFileType = wrapper.application; includeInIndex = 0; path = SchoolHelper.app; sourceTree = BUILT_PRODUCTS_DIR; };
		46F8F40525A98A01008888E7 /* Info.plist */ = {isa = PBXFileReference; lastKnownFileType = text.plist.xml; path = Info.plist; sourceTree = "<group>"; };
		46F8F40A25A98A01008888E7 /* SchoolHelper.app */ = {isa = PBXFileReference; explicitFileType = wrapper.application; includeInIndex = 0; path = SchoolHelper.app; sourceTree = BUILT_PRODUCTS_DIR; };
		46F8F40C25A98A01008888E7 /* Info.plist */ = {isa = PBXFileReference; lastKnownFileType = text.plist.xml; path = Info.plist; sourceTree = "<group>"; };
		46F8F40D25A98A01008888E7 /* macOS.entitlements */ = {isa = PBXFileReference; lastKnownFileType = text.plist.entitlements; path = macOS.entitlements; sourceTree = "<group>"; };
		46F8F41E25A98A57008888E7 /* Dashboard.swift */ = {isa = PBXFileReference; lastKnownFileType = sourcecode.swift; path = Dashboard.swift; sourceTree = "<group>"; };
		46F8F42325A98A86008888E7 /* Classes.swift */ = {isa = PBXFileReference; lastKnownFileType = sourcecode.swift; path = Classes.swift; sourceTree = "<group>"; };
		46F8F43025A9A602008888E7 /* Tasks.swift */ = {isa = PBXFileReference; lastKnownFileType = sourcecode.swift; path = Tasks.swift; sourceTree = "<group>"; };
/* End PBXFileReference section */

/* Begin PBXFrameworksBuildPhase section */
		46F8F3FF25A98A01008888E7 /* Frameworks */ = {
			isa = PBXFrameworksBuildPhase;
			buildActionMask = 2147483647;
			files = (
			);
			runOnlyForDeploymentPostprocessing = 0;
		};
		46F8F40725A98A01008888E7 /* Frameworks */ = {
			isa = PBXFrameworksBuildPhase;
			buildActionMask = 2147483647;
			files = (
			);
			runOnlyForDeploymentPostprocessing = 0;
		};
/* End PBXFrameworksBuildPhase section */

/* Begin PBXGroup section */
		46706A7125AABC860049A70A /* Data */ = {
			isa = PBXGroup;
			children = (
				466B433825AAB227008A24B0 /* Persistence.swift */,
				460C59A025AA7F940077AF87 /* SchoolHelper.xcdatamodeld */,
				46DD403025ABAAB400E6240D /* Tasks */,
			);
			path = Data;
			sourceTree = "<group>";
		};
		46DD402825ABA63200E6240D /* Tasks */ = {
			isa = PBXGroup;
			children = (
				46F8F43025A9A602008888E7 /* Tasks.swift */,
				460C59CF25AA9A3F0077AF87 /* AddTaskView.swift */,
				46DD402925ABA65000E6240D /* DetailedTaskView.swift */,
			);
			path = Tasks;
			sourceTree = "<group>";
		};
		46DD403025ABAAB400E6240D /* Tasks */ = {
			isa = PBXGroup;
			children = (
				466B432E25AAB112008A24B0 /* TaskItem+CoreDataClass.swift */,
				466B432F25AAB112008A24B0 /* TaskItem+CoreDataProperties.swift */,
			);
			path = Tasks;
			sourceTree = "<group>";
		};
		46F8F3F525A989FF008888E7 = {
			isa = PBXGroup;
			children = (
				46F8F3FA25A989FF008888E7 /* Shared */,
				46F8F40425A98A01008888E7 /* iOS */,
				46F8F40B25A98A01008888E7 /* macOS */,
				46F8F40325A98A01008888E7 /* Products */,
			);
			sourceTree = "<group>";
		};
		46F8F3FA25A989FF008888E7 /* Shared */ = {
			isa = PBXGroup;
			children = (
				46F8F3FB25A989FF008888E7 /* SchoolHelperApp.swift */,
				46F8F3FC25A989FF008888E7 /* ContentView.swift */,
				46F8F41E25A98A57008888E7 /* Dashboard.swift */,
				46F8F42325A98A86008888E7 /* Classes.swift */,
				46DD402825ABA63200E6240D /* Tasks */,
				460C597525AA5E380077AF87 /* Me.swift */,
				46706A7125AABC860049A70A /* Data */,
				46F8F3FD25A98A01008888E7 /* Assets.xcassets */,
			);
			path = Shared;
			sourceTree = "<group>";
		};
		46F8F40325A98A01008888E7 /* Products */ = {
			isa = PBXGroup;
			children = (
				46F8F40225A98A01008888E7 /* SchoolHelper.app */,
				46F8F40A25A98A01008888E7 /* SchoolHelper.app */,
			);
			name = Products;
			sourceTree = "<group>";
		};
		46F8F40425A98A01008888E7 /* iOS */ = {
			isa = PBXGroup;
			children = (
				46F8F40525A98A01008888E7 /* Info.plist */,
			);
			path = iOS;
			sourceTree = "<group>";
		};
		46F8F40B25A98A01008888E7 /* macOS */ = {
			isa = PBXGroup;
			children = (
				46F8F40C25A98A01008888E7 /* Info.plist */,
				46F8F40D25A98A01008888E7 /* macOS.entitlements */,
			);
			path = macOS;
			sourceTree = "<group>";
		};
/* End PBXGroup section */

/* Begin PBXNativeTarget section */
		46F8F40125A98A01008888E7 /* SchoolHelper (iOS) */ = {
			isa = PBXNativeTarget;
			buildConfigurationList = 46F8F41625A98A01008888E7 /* Build configuration list for PBXNativeTarget "SchoolHelper (iOS)" */;
			buildPhases = (
				46F8F3FE25A98A01008888E7 /* Sources */,
				46F8F3FF25A98A01008888E7 /* Frameworks */,
				46F8F40025A98A01008888E7 /* Resources */,
			);
			buildRules = (
			);
			dependencies = (
			);
			name = "SchoolHelper (iOS)";
			productName = "SchoolHelper (iOS)";
			productReference = 46F8F40225A98A01008888E7 /* SchoolHelper.app */;
			productType = "com.apple.product-type.application";
		};
		46F8F40925A98A01008888E7 /* SchoolHelper (macOS) */ = {
			isa = PBXNativeTarget;
			buildConfigurationList = 46F8F41925A98A01008888E7 /* Build configuration list for PBXNativeTarget "SchoolHelper (macOS)" */;
			buildPhases = (
				46F8F40625A98A01008888E7 /* Sources */,
				46F8F40725A98A01008888E7 /* Frameworks */,
				46F8F40825A98A01008888E7 /* Resources */,
			);
			buildRules = (
			);
			dependencies = (
			);
			name = "SchoolHelper (macOS)";
			productName = "SchoolHelper (macOS)";
			productReference = 46F8F40A25A98A01008888E7 /* SchoolHelper.app */;
			productType = "com.apple.product-type.application";
		};
/* End PBXNativeTarget section */

/* Begin PBXProject section */
		46F8F3F625A989FF008888E7 /* Project object */ = {
			isa = PBXProject;
			attributes = {
				LastSwiftUpdateCheck = 1230;
				LastUpgradeCheck = 1230;
				TargetAttributes = {
					46F8F40125A98A01008888E7 = {
						CreatedOnToolsVersion = 12.3;
					};
					46F8F40925A98A01008888E7 = {
						CreatedOnToolsVersion = 12.3;
					};
				};
			};
			buildConfigurationList = 46F8F3F925A989FF008888E7 /* Build configuration list for PBXProject "SchoolHelper" */;
			compatibilityVersion = "Xcode 9.3";
			developmentRegion = en;
			hasScannedForEncodings = 0;
			knownRegions = (
				en,
				Base,
			);
			mainGroup = 46F8F3F525A989FF008888E7;
			productRefGroup = 46F8F40325A98A01008888E7 /* Products */;
			projectDirPath = "";
			projectRoot = "";
			targets = (
				46F8F40125A98A01008888E7 /* SchoolHelper (iOS) */,
				46F8F40925A98A01008888E7 /* SchoolHelper (macOS) */,
			);
		};
/* End PBXProject section */

/* Begin PBXResourcesBuildPhase section */
		46F8F40025A98A01008888E7 /* Resources */ = {
			isa = PBXResourcesBuildPhase;
			buildActionMask = 2147483647;
			files = (
				46F8F41225A98A01008888E7 /* Assets.xcassets in Resources */,
			);
			runOnlyForDeploymentPostprocessing = 0;
		};
		46F8F40825A98A01008888E7 /* Resources */ = {
			isa = PBXResourcesBuildPhase;
			buildActionMask = 2147483647;
			files = (
				46F8F41325A98A01008888E7 /* Assets.xcassets in Resources */,
			);
			runOnlyForDeploymentPostprocessing = 0;
		};
/* End PBXResourcesBuildPhase section */

/* Begin PBXSourcesBuildPhase section */
		46F8F3FE25A98A01008888E7 /* Sources */ = {
			isa = PBXSourcesBuildPhase;
			buildActionMask = 2147483647;
			files = (
				466B433925AAB227008A24B0 /* Persistence.swift in Sources */,
				460C59D025AA9A3F0077AF87 /* AddTaskView.swift in Sources */,
				46F8F41025A98A01008888E7 /* ContentView.swift in Sources */,
				46DD402A25ABA65000E6240D /* DetailedTaskView.swift in Sources */,
				466B433025AAB112008A24B0 /* TaskItem+CoreDataClass.swift in Sources */,
				460C59A225AA7F940077AF87 /* SchoolHelper.xcdatamodeld in Sources */,
				46F8F41F25A98A57008888E7 /* Dashboard.swift in Sources */,
				46F8F42425A98A86008888E7 /* Classes.swift in Sources */,
				46F8F43125A9A602008888E7 /* Tasks.swift in Sources */,
				46F8F40E25A98A01008888E7 /* SchoolHelperApp.swift in Sources */,
				460C597625AA5E380077AF87 /* Me.swift in Sources */,
				466B433225AAB112008A24B0 /* TaskItem+CoreDataProperties.swift in Sources */,
			);
			runOnlyForDeploymentPostprocessing = 0;
		};
		46F8F40625A98A01008888E7 /* Sources */ = {
			isa = PBXSourcesBuildPhase;
			buildActionMask = 2147483647;
			files = (
				466B433A25AAB227008A24B0 /* Persistence.swift in Sources */,
				46F8F41125A98A01008888E7 /* ContentView.swift in Sources */,
				460C59D125AA9A3F0077AF87 /* AddTaskView.swift in Sources */,
				46DD402B25ABA65000E6240D /* DetailedTaskView.swift in Sources */,
				466B433125AAB112008A24B0 /* TaskItem+CoreDataClass.swift in Sources */,
				46F8F42025A98A57008888E7 /* Dashboard.swift in Sources */,
				46F8F42525A98A86008888E7 /* Classes.swift in Sources */,
				46F8F43225A9A602008888E7 /* Tasks.swift in Sources */,
				460C59B225AA812B0077AF87 /* SchoolHelper.xcdatamodeld in Sources */,
				46F8F40F25A98A01008888E7 /* SchoolHelperApp.swift in Sources */,
				460C597725AA5E380077AF87 /* Me.swift in Sources */,
				466B433325AAB112008A24B0 /* TaskItem+CoreDataProperties.swift in Sources */,
			);
			runOnlyForDeploymentPostprocessing = 0;
		};
/* End PBXSourcesBuildPhase section */

/* Begin XCBuildConfiguration section */
		46F8F41425A98A01008888E7 /* Debug */ = {
			isa = XCBuildConfiguration;
			buildSettings = {
				ALWAYS_SEARCH_USER_PATHS = NO;
				CLANG_ANALYZER_NONNULL = YES;
				CLANG_ANALYZER_NUMBER_OBJECT_CONVERSION = YES_AGGRESSIVE;
				CLANG_CXX_LANGUAGE_STANDARD = "gnu++14";
				CLANG_CXX_LIBRARY = "libc++";
				CLANG_ENABLE_MODULES = YES;
				CLANG_ENABLE_OBJC_ARC = YES;
				CLANG_ENABLE_OBJC_WEAK = YES;
				CLANG_WARN_BLOCK_CAPTURE_AUTORELEASING = YES;
				CLANG_WARN_BOOL_CONVERSION = YES;
				CLANG_WARN_COMMA = YES;
				CLANG_WARN_CONSTANT_CONVERSION = YES;
				CLANG_WARN_DEPRECATED_OBJC_IMPLEMENTATIONS = YES;
				CLANG_WARN_DIRECT_OBJC_ISA_USAGE = YES_ERROR;
				CLANG_WARN_DOCUMENTATION_COMMENTS = YES;
				CLANG_WARN_EMPTY_BODY = YES;
				CLANG_WARN_ENUM_CONVERSION = YES;
				CLANG_WARN_INFINITE_RECURSION = YES;
				CLANG_WARN_INT_CONVERSION = YES;
				CLANG_WARN_NON_LITERAL_NULL_CONVERSION = YES;
				CLANG_WARN_OBJC_IMPLICIT_RETAIN_SELF = YES;
				CLANG_WARN_OBJC_LITERAL_CONVERSION = YES;
				CLANG_WARN_OBJC_ROOT_CLASS = YES_ERROR;
				CLANG_WARN_QUOTED_INCLUDE_IN_FRAMEWORK_HEADER = YES;
				CLANG_WARN_RANGE_LOOP_ANALYSIS = YES;
				CLANG_WARN_STRICT_PROTOTYPES = YES;
				CLANG_WARN_SUSPICIOUS_MOVE = YES;
				CLANG_WARN_UNGUARDED_AVAILABILITY = YES_AGGRESSIVE;
				CLANG_WARN_UNREACHABLE_CODE = YES;
				CLANG_WARN__DUPLICATE_METHOD_MATCH = YES;
				COPY_PHASE_STRIP = NO;
				DEBUG_INFORMATION_FORMAT = dwarf;
				ENABLE_STRICT_OBJC_MSGSEND = YES;
				ENABLE_TESTABILITY = YES;
				GCC_C_LANGUAGE_STANDARD = gnu11;
				GCC_DYNAMIC_NO_PIC = NO;
				GCC_NO_COMMON_BLOCKS = YES;
				GCC_OPTIMIZATION_LEVEL = 0;
				GCC_PREPROCESSOR_DEFINITIONS = (
					"DEBUG=1",
					"$(inherited)",
				);
				GCC_WARN_64_TO_32_BIT_CONVERSION = YES;
				GCC_WARN_ABOUT_RETURN_TYPE = YES_ERROR;
				GCC_WARN_UNDECLARED_SELECTOR = YES;
				GCC_WARN_UNINITIALIZED_AUTOS = YES_AGGRESSIVE;
				GCC_WARN_UNUSED_FUNCTION = YES;
				GCC_WARN_UNUSED_VARIABLE = YES;
				MTL_ENABLE_DEBUG_INFO = INCLUDE_SOURCE;
				MTL_FAST_MATH = YES;
				ONLY_ACTIVE_ARCH = YES;
				SWIFT_ACTIVE_COMPILATION_CONDITIONS = DEBUG;
				SWIFT_OPTIMIZATION_LEVEL = "-Onone";
			};
			name = Debug;
		};
		46F8F41525A98A01008888E7 /* Release */ = {
			isa = XCBuildConfiguration;
			buildSettings = {
				ALWAYS_SEARCH_USER_PATHS = NO;
				CLANG_ANALYZER_NONNULL = YES;
				CLANG_ANALYZER_NUMBER_OBJECT_CONVERSION = YES_AGGRESSIVE;
				CLANG_CXX_LANGUAGE_STANDARD = "gnu++14";
				CLANG_CXX_LIBRARY = "libc++";
				CLANG_ENABLE_MODULES = YES;
				CLANG_ENABLE_OBJC_ARC = YES;
				CLANG_ENABLE_OBJC_WEAK = YES;
				CLANG_WARN_BLOCK_CAPTURE_AUTORELEASING = YES;
				CLANG_WARN_BOOL_CONVERSION = YES;
				CLANG_WARN_COMMA = YES;
				CLANG_WARN_CONSTANT_CONVERSION = YES;
				CLANG_WARN_DEPRECATED_OBJC_IMPLEMENTATIONS = YES;
				CLANG_WARN_DIRECT_OBJC_ISA_USAGE = YES_ERROR;
				CLANG_WARN_DOCUMENTATION_COMMENTS = YES;
				CLANG_WARN_EMPTY_BODY = YES;
				CLANG_WARN_ENUM_CONVERSION = YES;
				CLANG_WARN_INFINITE_RECURSION = YES;
				CLANG_WARN_INT_CONVERSION = YES;
				CLANG_WARN_NON_LITERAL_NULL_CONVERSION = YES;
				CLANG_WARN_OBJC_IMPLICIT_RETAIN_SELF = YES;
				CLANG_WARN_OBJC_LITERAL_CONVERSION = YES;
				CLANG_WARN_OBJC_ROOT_CLASS = YES_ERROR;
				CLANG_WARN_QUOTED_INCLUDE_IN_FRAMEWORK_HEADER = YES;
				CLANG_WARN_RANGE_LOOP_ANALYSIS = YES;
				CLANG_WARN_STRICT_PROTOTYPES = YES;
				CLANG_WARN_SUSPICIOUS_MOVE = YES;
				CLANG_WARN_UNGUARDED_AVAILABILITY = YES_AGGRESSIVE;
				CLANG_WARN_UNREACHABLE_CODE = YES;
				CLANG_WARN__DUPLICATE_METHOD_MATCH = YES;
				COPY_PHASE_STRIP = NO;
				DEBUG_INFORMATION_FORMAT = "dwarf-with-dsym";
				ENABLE_NS_ASSERTIONS = NO;
				ENABLE_STRICT_OBJC_MSGSEND = YES;
				GCC_C_LANGUAGE_STANDARD = gnu11;
				GCC_NO_COMMON_BLOCKS = YES;
				GCC_WARN_64_TO_32_BIT_CONVERSION = YES;
				GCC_WARN_ABOUT_RETURN_TYPE = YES_ERROR;
				GCC_WARN_UNDECLARED_SELECTOR = YES;
				GCC_WARN_UNINITIALIZED_AUTOS = YES_AGGRESSIVE;
				GCC_WARN_UNUSED_FUNCTION = YES;
				GCC_WARN_UNUSED_VARIABLE = YES;
				MTL_ENABLE_DEBUG_INFO = NO;
				MTL_FAST_MATH = YES;
				SWIFT_COMPILATION_MODE = wholemodule;
				SWIFT_OPTIMIZATION_LEVEL = "-O";
			};
			name = Release;
		};
		46F8F41725A98A01008888E7 /* Debug */ = {
			isa = XCBuildConfiguration;
			buildSettings = {
				ASSETCATALOG_COMPILER_APPICON_NAME = AppIcon;
				ASSETCATALOG_COMPILER_GLOBAL_ACCENT_COLOR_NAME = AccentColor;
				CODE_SIGN_STYLE = Automatic;
				DEVELOPMENT_TEAM = 9MP5435PRF;
				ENABLE_PREVIEWS = YES;
				INFOPLIST_FILE = iOS/Info.plist;
				IPHONEOS_DEPLOYMENT_TARGET = 14.0;
				LD_RUNPATH_SEARCH_PATHS = (
					"$(inherited)",
					"@executable_path/Frameworks",
				);
				PRODUCT_BUNDLE_IDENTIFIER = pradyunsetti.SchoolHelper;
				PRODUCT_NAME = SchoolHelper;
				SDKROOT = iphoneos;
				SWIFT_VERSION = 5.0;
				TARGETED_DEVICE_FAMILY = "1,2";
			};
			name = Debug;
		};
		46F8F41825A98A01008888E7 /* Release */ = {
			isa = XCBuildConfiguration;
			buildSettings = {
				ASSETCATALOG_COMPILER_APPICON_NAME = AppIcon;
				ASSETCATALOG_COMPILER_GLOBAL_ACCENT_COLOR_NAME = AccentColor;
				CODE_SIGN_STYLE = Automatic;
				DEVELOPMENT_TEAM = 9MP5435PRF;
				ENABLE_PREVIEWS = YES;
				INFOPLIST_FILE = iOS/Info.plist;
				IPHONEOS_DEPLOYMENT_TARGET = 14.0;
				LD_RUNPATH_SEARCH_PATHS = (
					"$(inherited)",
					"@executable_path/Frameworks",
				);
				PRODUCT_BUNDLE_IDENTIFIER = pradyunsetti.SchoolHelper;
				PRODUCT_NAME = SchoolHelper;
				SDKROOT = iphoneos;
				SWIFT_VERSION = 5.0;
				TARGETED_DEVICE_FAMILY = "1,2";
				VALIDATE_PRODUCT = YES;
			};
			name = Release;
		};
		46F8F41A25A98A01008888E7 /* Debug */ = {
			isa = XCBuildConfiguration;
			buildSettings = {
				ASSETCATALOG_COMPILER_APPICON_NAME = AppIcon;
				ASSETCATALOG_COMPILER_GLOBAL_ACCENT_COLOR_NAME = AccentColor;
				CODE_SIGN_ENTITLEMENTS = macOS/macOS.entitlements;
				CODE_SIGN_STYLE = Automatic;
				COMBINE_HIDPI_IMAGES = YES;
				ENABLE_PREVIEWS = YES;
				INFOPLIST_FILE = macOS/Info.plist;
				LD_RUNPATH_SEARCH_PATHS = (
					"$(inherited)",
					"@executable_path/../Frameworks",
				);
				MACOSX_DEPLOYMENT_TARGET = 11.0;
				PRODUCT_BUNDLE_IDENTIFIER = pradyunsetti.SchoolHelper;
				PRODUCT_NAME = SchoolHelper;
				SDKROOT = macosx;
				SWIFT_VERSION = 5.0;
			};
			name = Debug;
		};
		46F8F41B25A98A01008888E7 /* Release */ = {
			isa = XCBuildConfiguration;
			buildSettings = {
				ASSETCATALOG_COMPILER_APPICON_NAME = AppIcon;
				ASSETCATALOG_COMPILER_GLOBAL_ACCENT_COLOR_NAME = AccentColor;
				CODE_SIGN_ENTITLEMENTS = macOS/macOS.entitlements;
				CODE_SIGN_STYLE = Automatic;
				COMBINE_HIDPI_IMAGES = YES;
				ENABLE_PREVIEWS = YES;
				INFOPLIST_FILE = macOS/Info.plist;
				LD_RUNPATH_SEARCH_PATHS = (
					"$(inherited)",
					"@executable_path/../Frameworks",
				);
				MACOSX_DEPLOYMENT_TARGET = 11.0;
				PRODUCT_BUNDLE_IDENTIFIER = pradyunsetti.SchoolHelper;
				PRODUCT_NAME = SchoolHelper;
				SDKROOT = macosx;
				SWIFT_VERSION = 5.0;
			};
			name = Release;
		};
/* End XCBuildConfiguration section */

/* Begin XCConfigurationList section */
		46F8F3F925A989FF008888E7 /* Build configuration list for PBXProject "SchoolHelper" */ = {
			isa = XCConfigurationList;
			buildConfigurations = (
				46F8F41425A98A01008888E7 /* Debug */,
				46F8F41525A98A01008888E7 /* Release */,
			);
			defaultConfigurationIsVisible = 0;
			defaultConfigurationName = Release;
		};
		46F8F41625A98A01008888E7 /* Build configuration list for PBXNativeTarget "SchoolHelper (iOS)" */ = {
			isa = XCConfigurationList;
			buildConfigurations = (
				46F8F41725A98A01008888E7 /* Debug */,
				46F8F41825A98A01008888E7 /* Release */,
			);
			defaultConfigurationIsVisible = 0;
			defaultConfigurationName = Release;
		};
		46F8F41925A98A01008888E7 /* Build configuration list for PBXNativeTarget "SchoolHelper (macOS)" */ = {
			isa = XCConfigurationList;
			buildConfigurations = (
				46F8F41A25A98A01008888E7 /* Debug */,
				46F8F41B25A98A01008888E7 /* Release */,
			);
			defaultConfigurationIsVisible = 0;
			defaultConfigurationName = Release;
		};
/* End XCConfigurationList section */

/* Begin XCVersionGroup section */
		460C59A025AA7F940077AF87 /* SchoolHelper.xcdatamodeld */ = {
			isa = XCVersionGroup;
			children = (
				460C59A125AA7F940077AF87 /* SchoolHelper.xcdatamodel */,
			);
			currentVersion = 460C59A125AA7F940077AF87 /* SchoolHelper.xcdatamodel */;
			path = SchoolHelper.xcdatamodeld;
			sourceTree = "<group>";
			versionGroupType = wrapper.xcdatamodel;
		};
/* End XCVersionGroup section */
	};
	rootObject = 46F8F3F625A989FF008888E7 /* Project object */;
}
